# DO NOT EDIT MANUALLY - Managed by Fern Replay
version: "1.0"
generations:
  - commit_sha: 353aaf8e409d4b074d6bea925c341e189e1d0bd3
    tree_hash: e812cc7477405ce4650a1834b58ea76735df0e29
    timestamp: 2026-09-10T18:08:34.096Z
    cli_version: unknown
    generator_versions: {}
current_generation: 353aaf8e409d4b074d6bea925c341e189e1d0bd3
patches: []
